// !$*UTF8*$!
{
	archiveVersion = 1;
	classes = {
	};
	objectVersion = 51;
	objects = {

/* Begin PBXBuildFile section */
		4139E3332378AAF6006C9419 /* UICollectionViewCell+Extra.swift in Sources */ = {isa = PBXBuildFile; fileRef = 4139E3322378AAF6006C9419 /* UICollectionViewCell+Extra.swift */; };
		4139E336237B2C07006C9419 /* MockHomeRepo.swift in Sources */ = {isa = PBXBuildFile; fileRef = 4139E335237B2C07006C9419 /* MockHomeRepo.swift */; };
		4139E338237B2C13006C9419 /* MockResidentsRepo.swift in Sources */ = {isa = PBXBuildFile; fileRef = 4139E337237B2C13006C9419 /* MockResidentsRepo.swift */; };
		4139E33D237B2F1A006C9419 /* HomeVMTest.swift in Sources */ = {isa = PBXBuildFile; fileRef = 4139E33C237B2F1A006C9419 /* HomeVMTest.swift */; };
		4139E33F237B3FD7006C9419 /* ResidentsVMTest.swift in Sources */ = {isa = PBXBuildFile; fileRef = 4139E33E237B3FD7006C9419 /* ResidentsVMTest.swift */; };
		4139E341237B433A006C9419 /* ResidentVMTest.swift in Sources */ = {isa = PBXBuildFile; fileRef = 4139E340237B433A006C9419 /* ResidentVMTest.swift */; };
		419357392377F62500FC3D48 /* AppDelegate.swift in Sources */ = {isa = PBXBuildFile; fileRef = 419357382377F62500FC3D48 /* AppDelegate.swift */; };
		419357422377F62500FC3D48 /* Assets.xcassets in Resources */ = {isa = PBXBuildFile; fileRef = 419357412377F62500FC3D48 /* Assets.xcassets */; };
		419357452377F62500FC3D48 /* LaunchScreen.storyboard in Resources */ = {isa = PBXBuildFile; fileRef = 419357432377F62500FC3D48 /* LaunchScreen.storyboard */; };
		419357502377F62600FC3D48 /* KaminoTests.swift in Sources */ = {isa = PBXBuildFile; fileRef = 4193574F2377F62600FC3D48 /* KaminoTests.swift */; };
		4193575D2377F8FA00FC3D48 /* HomeVC.swift in Sources */ = {isa = PBXBuildFile; fileRef = 4193575C2377F8FA00FC3D48 /* HomeVC.swift */; };
		4193576E2377FC8400FC3D48 /* ViewController.swift in Sources */ = {isa = PBXBuildFile; fileRef = 4193576D2377FC8400FC3D48 /* ViewController.swift */; };
		419357702377FC8C00FC3D48 /* ViewModel.swift in Sources */ = {isa = PBXBuildFile; fileRef = 4193576F2377FC8C00FC3D48 /* ViewModel.swift */; };
		419357752377FD5800FC3D48 /* Planet.swift in Sources */ = {isa = PBXBuildFile; fileRef = 419357742377FD5800FC3D48 /* Planet.swift */; };
		419357772377FD5F00FC3D48 /* Resident.swift in Sources */ = {isa = PBXBuildFile; fileRef = 419357762377FD5F00FC3D48 /* Resident.swift */; };
		419357792377FD6B00FC3D48 /* Like.swift in Sources */ = {isa = PBXBuildFile; fileRef = 419357782377FD6B00FC3D48 /* Like.swift */; };
		4193577E2377FF3200FC3D48 /* like.json in Resources */ = {isa = PBXBuildFile; fileRef = 4193577B2377FF3200FC3D48 /* like.json */; };
		4193577F2377FF3200FC3D48 /* resident.json in Resources */ = {isa = PBXBuildFile; fileRef = 4193577C2377FF3200FC3D48 /* resident.json */; };
		419357802377FF3200FC3D48 /* planet.json in Resources */ = {isa = PBXBuildFile; fileRef = 4193577D2377FF3200FC3D48 /* planet.json */; };
		419357832377FF7B00FC3D48 /* MockLoader.swift in Sources */ = {isa = PBXBuildFile; fileRef = 419357822377FF7B00FC3D48 /* MockLoader.swift */; };
		419357862377FFDB00FC3D48 /* PlanetMappingTest.swift in Sources */ = {isa = PBXBuildFile; fileRef = 419357852377FFDB00FC3D48 /* PlanetMappingTest.swift */; };
		419357882377FFEB00FC3D48 /* ResidentMappingTest.swift in Sources */ = {isa = PBXBuildFile; fileRef = 419357872377FFEB00FC3D48 /* ResidentMappingTest.swift */; };
		4193578A2377FFF400FC3D48 /* LikeMappingTest.swift in Sources */ = {isa = PBXBuildFile; fileRef = 419357892377FFF400FC3D48 /* LikeMappingTest.swift */; };
		4193578D2378012B00FC3D48 /* NSLayoutConstraint+Extra.swift in Sources */ = {isa = PBXBuildFile; fileRef = 4193578C2378012B00FC3D48 /* NSLayoutConstraint+Extra.swift */; };
		4193578F237801B300FC3D48 /* HomeVM.swift in Sources */ = {isa = PBXBuildFile; fileRef = 4193578E237801B300FC3D48 /* HomeVM.swift */; };
		41935791237801D700FC3D48 /* HomeRepository.swift in Sources */ = {isa = PBXBuildFile; fileRef = 41935790237801D700FC3D48 /* HomeRepository.swift */; };
		41935793237804D100FC3D48 /* InfoCell.swift in Sources */ = {isa = PBXBuildFile; fileRef = 41935792237804D100FC3D48 /* InfoCell.swift */; };
		41935795237804F500FC3D48 /* HeaderView.swift in Sources */ = {isa = PBXBuildFile; fileRef = 41935794237804F500FC3D48 /* HeaderView.swift */; };
		419357972378077C00FC3D48 /* InteractiveCell.swift in Sources */ = {isa = PBXBuildFile; fileRef = 419357962378077C00FC3D48 /* InteractiveCell.swift */; };
		419357A123780B8000FC3D48 /* String+Extra.swift in Sources */ = {isa = PBXBuildFile; fileRef = 419357A023780B8000FC3D48 /* String+Extra.swift */; };
		419357AF2378111500FC3D48 /* Localizable.strings in Resources */ = {isa = PBXBuildFile; fileRef = 419357AE2378111500FC3D48 /* Localizable.strings */; };
		419357B22378167500FC3D48 /* R.generated.swift in Sources */ = {isa = PBXBuildFile; fileRef = 419357B12378167500FC3D48 /* R.generated.swift */; };
		419357B42378169400FC3D48 /* Colors.xcassets in Resources */ = {isa = PBXBuildFile; fileRef = 419357B32378169400FC3D48 /* Colors.xcassets */; };
		419357B82378249E00FC3D48 /* ResidentsVC.swift in Sources */ = {isa = PBXBuildFile; fileRef = 419357B72378249E00FC3D48 /* ResidentsVC.swift */; };
		419357BA2378253500FC3D48 /* ResidentsVM.swift in Sources */ = {isa = PBXBuildFile; fileRef = 419357B92378253500FC3D48 /* ResidentsVM.swift */; };
		419357BC2378279C00FC3D48 /* ResidentsRepository.swift in Sources */ = {isa = PBXBuildFile; fileRef = 419357BB2378279C00FC3D48 /* ResidentsRepository.swift */; };
		419357BE237838DC00FC3D48 /* ResidentCell.swift in Sources */ = {isa = PBXBuildFile; fileRef = 419357BD237838DC00FC3D48 /* ResidentCell.swift */; };
		419357C12378412700FC3D48 /* ResidentVC.swift in Sources */ = {isa = PBXBuildFile; fileRef = 419357C02378412700FC3D48 /* ResidentVC.swift */; };
		419357C32378412F00FC3D48 /* ResidentVM.swift in Sources */ = {isa = PBXBuildFile; fileRef = 419357C22378412F00FC3D48 /* ResidentVM.swift */; };
		419357C8237847FC00FC3D48 /* ImageViewVC.swift in Sources */ = {isa = PBXBuildFile; fileRef = 419357C7237847FC00FC3D48 /* ImageViewVC.swift */; };
		419357CA2378505300FC3D48 /* ErrorView.swift in Sources */ = {isa = PBXBuildFile; fileRef = 419357C92378505300FC3D48 /* ErrorView.swift */; };
		419357CC2378584200FC3D48 /* LoadingView.swift in Sources */ = {isa = PBXBuildFile; fileRef = 419357CB2378584200FC3D48 /* LoadingView.swift */; };
		419357CE23787BD200FC3D48 /* CollectionViewController.swift in Sources */ = {isa = PBXBuildFile; fileRef = 419357CD23787BD200FC3D48 /* CollectionViewController.swift */; };
		419357D123788C7E00FC3D48 /* Navigator.swift in Sources */ = {isa = PBXBuildFile; fileRef = 419357D023788C7E00FC3D48 /* Navigator.swift */; };
		419357D323788C8C00FC3D48 /* Managers.swift in Sources */ = {isa = PBXBuildFile; fileRef = 419357D223788C8C00FC3D48 /* Managers.swift */; };
		419357D523789A5E00FC3D48 /* Request.swift in Sources */ = {isa = PBXBuildFile; fileRef = 419357D423789A5E00FC3D48 /* Request.swift */; };
		5D471148E87E5A14A6CF4427 /* Pods_KaminoTests.framework in Frameworks */ = {isa = PBXBuildFile; fileRef = 4781FA7CE4BEDE0EAED26BF0 /* Pods_KaminoTests.framework */; };
		7DF40F4EA5852A3EDEA351CF /* Pods_Kamino.framework in Frameworks */ = {isa = PBXBuildFile; fileRef = D7323B6CB1A4EAB8ECFD17F6 /* Pods_Kamino.framework */; };
/* End PBXBuildFile section */

/* Begin PBXContainerItemProxy section */
		4193574C2377F62600FC3D48 /* PBXContainerItemProxy */ = {
			isa = PBXContainerItemProxy;
			containerPortal = 4193572D2377F62400FC3D48 /* Project object */;
			proxyType = 1;
			remoteGlobalIDString = 419357342377F62400FC3D48;
			remoteInfo = Kamino;
		};
/* End PBXContainerItemProxy section */

/* Begin PBXFileReference section */
		0DB215EC6AF0007EFEF6F650 /* Pods-Kamino.debug.xcconfig */ = {isa = PBXFileReference; includeInIndex = 1; lastKnownFileType = text.xcconfig; name = "Pods-Kamino.debug.xcconfig"; path = "Target Support Files/Pods-Kamino/Pods-Kamino.debug.xcconfig"; sourceTree = "<group>"; };
		215497C1B64C920E7369D799 /* Pods-Kamino.release.xcconfig */ = {isa = PBXFileReference; includeInIndex = 1; lastKnownFileType = text.xcconfig; name = "Pods-Kamino.release.xcconfig"; path = "Target Support Files/Pods-Kamino/Pods-Kamino.release.xcconfig"; sourceTree = "<group>"; };
		4139E3322378AAF6006C9419 /* UICollectionViewCell+Extra.swift */ = {isa = PBXFileReference; lastKnownFileType = sourcecode.swift; path = "UICollectionViewCell+Extra.swift"; sourceTree = "<group>"; };
		4139E335237B2C07006C9419 /* MockHomeRepo.swift */ = {isa = PBXFileReference; lastKnownFileType = sourcecode.swift; path = MockHomeRepo.swift; sourceTree = "<group>"; };
		4139E337237B2C13006C9419 /* MockResidentsRepo.swift */ = {isa = PBXFileReference; lastKnownFileType = sourcecode.swift; path = MockResidentsRepo.swift; sourceTree = "<group>"; };
		4139E33C237B2F1A006C9419 /* HomeVMTest.swift */ = {isa = PBXFileReference; lastKnownFileType = sourcecode.swift; path = HomeVMTest.swift; sourceTree = "<group>"; };
		4139E33E237B3FD7006C9419 /* ResidentsVMTest.swift */ = {isa = PBXFileReference; lastKnownFileType = sourcecode.swift; path = ResidentsVMTest.swift; sourceTree = "<group>"; };
		4139E340237B433A006C9419 /* ResidentVMTest.swift */ = {isa = PBXFileReference; lastKnownFileType = sourcecode.swift; path = ResidentVMTest.swift; sourceTree = "<group>"; };
		419357352377F62400FC3D48 /* Kamino.app */ = {isa = PBXFileReference; explicitFileType = wrapper.application; includeInIndex = 0; path = Kamino.app; sourceTree = BUILT_PRODUCTS_DIR; };
		419357382377F62500FC3D48 /* AppDelegate.swift */ = {isa = PBXFileReference; lastKnownFileType = sourcecode.swift; path = AppDelegate.swift; sourceTree = "<group>"; };
		419357412377F62500FC3D48 /* Assets.xcassets */ = {isa = PBXFileReference; lastKnownFileType = folder.assetcatalog; path = Assets.xcassets; sourceTree = "<group>"; };
		419357462377F62500FC3D48 /* Info.plist */ = {isa = PBXFileReference; lastKnownFileType = text.plist.xml; path = Info.plist; sourceTree = "<group>"; };
		4193574B2377F62600FC3D48 /* KaminoTests.xctest */ = {isa = PBXFileReference; explicitFileType = wrapper.cfbundle; includeInIndex = 0; path = KaminoTests.xctest; sourceTree = BUILT_PRODUCTS_DIR; };
		4193574F2377F62600FC3D48 /* KaminoTests.swift */ = {isa = PBXFileReference; lastKnownFileType = sourcecode.swift; path = KaminoTests.swift; sourceTree = "<group>"; };
		419357512377F62600FC3D48 /* Info.plist */ = {isa = PBXFileReference; lastKnownFileType = text.plist.xml; path = Info.plist; sourceTree = "<group>"; };
		4193575C2377F8FA00FC3D48 /* HomeVC.swift */ = {isa = PBXFileReference; lastKnownFileType = sourcecode.swift; path = HomeVC.swift; sourceTree = "<group>"; };
		4193576D2377FC8400FC3D48 /* ViewController.swift */ = {isa = PBXFileReference; lastKnownFileType = sourcecode.swift; path = ViewController.swift; sourceTree = "<group>"; };
		4193576F2377FC8C00FC3D48 /* ViewModel.swift */ = {isa = PBXFileReference; lastKnownFileType = sourcecode.swift; path = ViewModel.swift; sourceTree = "<group>"; };
		419357742377FD5800FC3D48 /* Planet.swift */ = {isa = PBXFileReference; lastKnownFileType = sourcecode.swift; path = Planet.swift; sourceTree = "<group>"; };
		419357762377FD5F00FC3D48 /* Resident.swift */ = {isa = PBXFileReference; lastKnownFileType = sourcecode.swift; path = Resident.swift; sourceTree = "<group>"; };
		419357782377FD6B00FC3D48 /* Like.swift */ = {isa = PBXFileReference; lastKnownFileType = sourcecode.swift; path = Like.swift; sourceTree = "<group>"; };
		4193577B2377FF3200FC3D48 /* like.json */ = {isa = PBXFileReference; fileEncoding = 4; lastKnownFileType = text.json; path = like.json; sourceTree = "<group>"; };
		4193577C2377FF3200FC3D48 /* resident.json */ = {isa = PBXFileReference; fileEncoding = 4; lastKnownFileType = text.json; path = resident.json; sourceTree = "<group>"; };
		4193577D2377FF3200FC3D48 /* planet.json */ = {isa = PBXFileReference; fileEncoding = 4; lastKnownFileType = text.json; path = planet.json; sourceTree = "<group>"; };
		419357822377FF7B00FC3D48 /* MockLoader.swift */ = {isa = PBXFileReference; lastKnownFileType = sourcecode.swift; path = MockLoader.swift; sourceTree = "<group>"; };
		419357852377FFDB00FC3D48 /* PlanetMappingTest.swift */ = {isa = PBXFileReference; lastKnownFileType = sourcecode.swift; path = PlanetMappingTest.swift; sourceTree = "<group>"; };
		419357872377FFEB00FC3D48 /* ResidentMappingTest.swift */ = {isa = PBXFileReference; lastKnownFileType = sourcecode.swift; path = ResidentMappingTest.swift; sourceTree = "<group>"; };
		419357892377FFF400FC3D48 /* LikeMappingTest.swift */ = {isa = PBXFileReference; lastKnownFileType = sourcecode.swift; path = LikeMappingTest.swift; sourceTree = "<group>"; };
		4193578C2378012B00FC3D48 /* NSLayoutConstraint+Extra.swift */ = {isa = PBXFileReference; lastKnownFileType = sourcecode.swift; path = "NSLayoutConstraint+Extra.swift"; sourceTree = "<group>"; };
		4193578E237801B300FC3D48 /* HomeVM.swift */ = {isa = PBXFileReference; lastKnownFileType = sourcecode.swift; path = HomeVM.swift; sourceTree = "<group>"; };
		41935790237801D700FC3D48 /* HomeRepository.swift */ = {isa = PBXFileReference; lastKnownFileType = sourcecode.swift; path = HomeRepository.swift; sourceTree = "<group>"; };
		41935792237804D100FC3D48 /* InfoCell.swift */ = {isa = PBXFileReference; lastKnownFileType = sourcecode.swift; path = InfoCell.swift; sourceTree = "<group>"; };
		41935794237804F500FC3D48 /* HeaderView.swift */ = {isa = PBXFileReference; lastKnownFileType = sourcecode.swift; path = HeaderView.swift; sourceTree = "<group>"; };
		419357962378077C00FC3D48 /* InteractiveCell.swift */ = {isa = PBXFileReference; lastKnownFileType = sourcecode.swift; path = InteractiveCell.swift; sourceTree = "<group>"; };
		419357A023780B8000FC3D48 /* String+Extra.swift */ = {isa = PBXFileReference; lastKnownFileType = sourcecode.swift; path = "String+Extra.swift"; sourceTree = "<group>"; };
		419357A82378106900FC3D48 /* en */ = {isa = PBXFileReference; lastKnownFileType = file.storyboard; name = en; path = en.lproj/LaunchScreen.storyboard; sourceTree = "<group>"; };
		419357AE2378111500FC3D48 /* Localizable.strings */ = {isa = PBXFileReference; lastKnownFileType = text.plist.strings; path = Localizable.strings; sourceTree = "<group>"; };
		419357B12378167500FC3D48 /* R.generated.swift */ = {isa = PBXFileReference; fileEncoding = 4; lastKnownFileType = sourcecode.swift; path = R.generated.swift; sourceTree = SOURCE_ROOT; };
		419357B32378169400FC3D48 /* Colors.xcassets */ = {isa = PBXFileReference; lastKnownFileType = folder.assetcatalog; path = Colors.xcassets; sourceTree = "<group>"; };
		419357B72378249E00FC3D48 /* ResidentsVC.swift */ = {isa = PBXFileReference; lastKnownFileType = sourcecode.swift; path = ResidentsVC.swift; sourceTree = "<group>"; };
		419357B92378253500FC3D48 /* ResidentsVM.swift */ = {isa = PBXFileReference; lastKnownFileType = sourcecode.swift; path = ResidentsVM.swift; sourceTree = "<group>"; };
		419357BB2378279C00FC3D48 /* ResidentsRepository.swift */ = {isa = PBXFileReference; lastKnownFileType = sourcecode.swift; path = ResidentsRepository.swift; sourceTree = "<group>"; };
		419357BD237838DC00FC3D48 /* ResidentCell.swift */ = {isa = PBXFileReference; lastKnownFileType = sourcecode.swift; path = ResidentCell.swift; sourceTree = "<group>"; };
		419357C02378412700FC3D48 /* ResidentVC.swift */ = {isa = PBXFileReference; lastKnownFileType = sourcecode.swift; path = ResidentVC.swift; sourceTree = "<group>"; };
		419357C22378412F00FC3D48 /* ResidentVM.swift */ = {isa = PBXFileReference; lastKnownFileType = sourcecode.swift; path = ResidentVM.swift; sourceTree = "<group>"; };
		419357C7237847FC00FC3D48 /* ImageViewVC.swift */ = {isa = PBXFileReference; lastKnownFileType = sourcecode.swift; path = ImageViewVC.swift; sourceTree = "<group>"; };
		419357C92378505300FC3D48 /* ErrorView.swift */ = {isa = PBXFileReference; lastKnownFileType = sourcecode.swift; path = ErrorView.swift; sourceTree = "<group>"; };
		419357CB2378584200FC3D48 /* LoadingView.swift */ = {isa = PBXFileReference; lastKnownFileType = sourcecode.swift; path = LoadingView.swift; sourceTree = "<group>"; };
		419357CD23787BD200FC3D48 /* CollectionViewController.swift */ = {isa = PBXFileReference; lastKnownFileType = sourcecode.swift; path = CollectionViewController.swift; sourceTree = "<group>"; };
		419357D023788C7E00FC3D48 /* Navigator.swift */ = {isa = PBXFileReference; lastKnownFileType = sourcecode.swift; path = Navigator.swift; sourceTree = "<group>"; };
		419357D223788C8C00FC3D48 /* Managers.swift */ = {isa = PBXFileReference; lastKnownFileType = sourcecode.swift; path = Managers.swift; sourceTree = "<group>"; };
		419357D423789A5E00FC3D48 /* Request.swift */ = {isa = PBXFileReference; lastKnownFileType = sourcecode.swift; path = Request.swift; sourceTree = "<group>"; };
		4781FA7CE4BEDE0EAED26BF0 /* Pods_KaminoTests.framework */ = {isa = PBXFileReference; explicitFileType = wrapper.framework; includeInIndex = 0; path = Pods_KaminoTests.framework; sourceTree = BUILT_PRODUCTS_DIR; };
		C31B18E12B1037E020F44D66 /* Pods-KaminoTests.release.xcconfig */ = {isa = PBXFileReference; includeInIndex = 1; lastKnownFileType = text.xcconfig; name = "Pods-KaminoTests.release.xcconfig"; path = "Target Support Files/Pods-KaminoTests/Pods-KaminoTests.release.xcconfig"; sourceTree = "<group>"; };
		D7323B6CB1A4EAB8ECFD17F6 /* Pods_Kamino.framework */ = {isa = PBXFileReference; explicitFileType = wrapper.framework; includeInIndex = 0; path = Pods_Kamino.framework; sourceTree = BUILT_PRODUCTS_DIR; };
		E91C4950388BF6760EEB7922 /* Pods-KaminoTests.debug.xcconfig */ = {isa = PBXFileReference; includeInIndex = 1; lastKnownFileType = text.xcconfig; name = "Pods-KaminoTests.debug.xcconfig"; path = "Target Support Files/Pods-KaminoTests/Pods-KaminoTests.debug.xcconfig"; sourceTree = "<group>"; };
/* End PBXFileReference section */

/* Begin PBXFrameworksBuildPhase section */
		419357322377F62400FC3D48 /* Frameworks */ = {
			isa = PBXFrameworksBuildPhase;
			buildActionMask = 2147483647;
			files = (
				7DF40F4EA5852A3EDEA351CF /* Pods_Kamino.framework in Frameworks */,
			);
			runOnlyForDeploymentPostprocessing = 0;
		};
		419357482377F62600FC3D48 /* Frameworks */ = {
			isa = PBXFrameworksBuildPhase;
			buildActionMask = 2147483647;
			files = (
				5D471148E87E5A14A6CF4427 /* Pods_KaminoTests.framework in Frameworks */,
			);
			runOnlyForDeploymentPostprocessing = 0;
		};
/* End PBXFrameworksBuildPhase section */

/* Begin PBXGroup section */
		4139E334237B2BEB006C9419 /* Repos */ = {
			isa = PBXGroup;
			children = (
				4139E335237B2C07006C9419 /* MockHomeRepo.swift */,
				4139E337237B2C13006C9419 /* MockResidentsRepo.swift */,
			);
			path = Repos;
			sourceTree = "<group>";
		};
		4139E339237B2E32006C9419 /* ViewModelTests */ = {
			isa = PBXGroup;
			children = (
				4139E33C237B2F1A006C9419 /* HomeVMTest.swift */,
				4139E33E237B3FD7006C9419 /* ResidentsVMTest.swift */,
				4139E340237B433A006C9419 /* ResidentVMTest.swift */,
			);
			path = ViewModelTests;
			sourceTree = "<group>";
		};
		4193572C2377F62400FC3D48 = {
			isa = PBXGroup;
			children = (
				419357372377F62500FC3D48 /* Kamino */,
				4193574E2377F62600FC3D48 /* KaminoTests */,
				419357362377F62400FC3D48 /* Products */,
				A48B10EDC3C4A0693975C385 /* Pods */,
				D9A94D0E4BB634BC81E2CB5E /* Frameworks */,
			);
			sourceTree = "<group>";
		};
		419357362377F62400FC3D48 /* Products */ = {
			isa = PBXGroup;
			children = (
				419357352377F62400FC3D48 /* Kamino.app */,
				4193574B2377F62600FC3D48 /* KaminoTests.xctest */,
			);
			name = Products;
			sourceTree = "<group>";
		};
		419357372377F62500FC3D48 /* Kamino */ = {
			isa = PBXGroup;
			children = (
				419357CF23788C6600FC3D48 /* Managers */,
				4193578B2378010C00FC3D48 /* Extensions */,
				419357732377FD4800FC3D48 /* Models */,
				4193575E2377FBE100FC3D48 /* Common */,
				4193575B2377F8E900FC3D48 /* Modules */,
				4193575A2377F67C00FC3D48 /* Application */,
			);
			path = Kamino;
			sourceTree = "<group>";
		};
		4193574E2377F62600FC3D48 /* KaminoTests */ = {
			isa = PBXGroup;
			children = (
				4139E339237B2E32006C9419 /* ViewModelTests */,
				4139E334237B2BEB006C9419 /* Repos */,
				419357842377FFC400FC3D48 /* MappingTests */,
				419357812377FF6900FC3D48 /* helper */,
				4193577A2377FF3200FC3D48 /* Mocks */,
				4193574F2377F62600FC3D48 /* KaminoTests.swift */,
				419357512377F62600FC3D48 /* Info.plist */,
			);
			path = KaminoTests;
			sourceTree = "<group>";
		};
		4193575A2377F67C00FC3D48 /* Application */ = {
			isa = PBXGroup;
			children = (
				419357B12378167500FC3D48 /* R.generated.swift */,
				419357382377F62500FC3D48 /* AppDelegate.swift */,
				419357412377F62500FC3D48 /* Assets.xcassets */,
				419357432377F62500FC3D48 /* LaunchScreen.storyboard */,
				419357462377F62500FC3D48 /* Info.plist */,
				419357AE2378111500FC3D48 /* Localizable.strings */,
				419357B32378169400FC3D48 /* Colors.xcassets */,
			);
			path = Application;
			sourceTree = "<group>";
		};
		4193575B2377F8E900FC3D48 /* Modules */ = {
			isa = PBXGroup;
			children = (
				419357C6237847E400FC3D48 /* ImageView */,
				419357BF237840FB00FC3D48 /* ResidentVC */,
				419357B62378245A00FC3D48 /* Residents */,
				419357B5237822A800FC3D48 /* Home */,
			);
			path = Modules;
			sourceTree = "<group>";
		};
		4193575E2377FBE100FC3D48 /* Common */ = {
			isa = PBXGroup;
			children = (
				4193576D2377FC8400FC3D48 /* ViewController.swift */,
				4193576F2377FC8C00FC3D48 /* ViewModel.swift */,
				419357C92378505300FC3D48 /* ErrorView.swift */,
				419357CB2378584200FC3D48 /* LoadingView.swift */,
				419357CD23787BD200FC3D48 /* CollectionViewController.swift */,
				41935792237804D100FC3D48 /* InfoCell.swift */,
				419357962378077C00FC3D48 /* InteractiveCell.swift */,
				41935794237804F500FC3D48 /* HeaderView.swift */,
			);
			path = Common;
			sourceTree = "<group>";
		};
		419357732377FD4800FC3D48 /* Models */ = {
			isa = PBXGroup;
			children = (
				419357742377FD5800FC3D48 /* Planet.swift */,
				419357762377FD5F00FC3D48 /* Resident.swift */,
				419357782377FD6B00FC3D48 /* Like.swift */,
			);
			path = Models;
			sourceTree = "<group>";
		};
		4193577A2377FF3200FC3D48 /* Mocks */ = {
			isa = PBXGroup;
			children = (
				4193577B2377FF3200FC3D48 /* like.json */,
				4193577C2377FF3200FC3D48 /* resident.json */,
				4193577D2377FF3200FC3D48 /* planet.json */,
			);
			path = Mocks;
			sourceTree = "<group>";
		};
		419357812377FF6900FC3D48 /* helper */ = {
			isa = PBXGroup;
			children = (
				419357822377FF7B00FC3D48 /* MockLoader.swift */,
			);
			path = helper;
			sourceTree = "<group>";
		};
		419357842377FFC400FC3D48 /* MappingTests */ = {
			isa = PBXGroup;
			children = (
				419357852377FFDB00FC3D48 /* PlanetMappingTest.swift */,
				419357872377FFEB00FC3D48 /* ResidentMappingTest.swift */,
				419357892377FFF400FC3D48 /* LikeMappingTest.swift */,
			);
			path = MappingTests;
			sourceTree = "<group>";
		};
		4193578B2378010C00FC3D48 /* Extensions */ = {
			isa = PBXGroup;
			children = (
				4193578C2378012B00FC3D48 /* NSLayoutConstraint+Extra.swift */,
				419357A023780B8000FC3D48 /* String+Extra.swift */,
				4139E3322378AAF6006C9419 /* UICollectionViewCell+Extra.swift */,
			);
			path = Extensions;
			sourceTree = "<group>";
		};
		419357B5237822A800FC3D48 /* Home */ = {
			isa = PBXGroup;
			children = (
				4193575C2377F8FA00FC3D48 /* HomeVC.swift */,
				4193578E237801B300FC3D48 /* HomeVM.swift */,
				41935790237801D700FC3D48 /* HomeRepository.swift */,
			);
			path = Home;
			sourceTree = "<group>";
		};
		419357B62378245A00FC3D48 /* Residents */ = {
			isa = PBXGroup;
			children = (
				419357B72378249E00FC3D48 /* ResidentsVC.swift */,
				419357B92378253500FC3D48 /* ResidentsVM.swift */,
				419357BB2378279C00FC3D48 /* ResidentsRepository.swift */,
				419357BD237838DC00FC3D48 /* ResidentCell.swift */,
			);
			path = Residents;
			sourceTree = "<group>";
		};
		419357BF237840FB00FC3D48 /* ResidentVC */ = {
			isa = PBXGroup;
			children = (
				419357C02378412700FC3D48 /* ResidentVC.swift */,
				419357C22378412F00FC3D48 /* ResidentVM.swift */,
			);
			path = ResidentVC;
			sourceTree = "<group>";
		};
		419357C6237847E400FC3D48 /* ImageView */ = {
			isa = PBXGroup;
			children = (
				419357C7237847FC00FC3D48 /* ImageViewVC.swift */,
			);
			path = ImageView;
			sourceTree = "<group>";
		};
		419357CF23788C6600FC3D48 /* Managers */ = {
			isa = PBXGroup;
			children = (
				419357D023788C7E00FC3D48 /* Navigator.swift */,
				419357D223788C8C00FC3D48 /* Managers.swift */,
				419357D423789A5E00FC3D48 /* Request.swift */,
			);
			path = Managers;
			sourceTree = "<group>";
		};
		A48B10EDC3C4A0693975C385 /* Pods */ = {
			isa = PBXGroup;
			children = (
				0DB215EC6AF0007EFEF6F650 /* Pods-Kamino.debug.xcconfig */,
				215497C1B64C920E7369D799 /* Pods-Kamino.release.xcconfig */,
				E91C4950388BF6760EEB7922 /* Pods-KaminoTests.debug.xcconfig */,
				C31B18E12B1037E020F44D66 /* Pods-KaminoTests.release.xcconfig */,
			);
			path = Pods;
			sourceTree = "<group>";
		};
		D9A94D0E4BB634BC81E2CB5E /* Frameworks */ = {
			isa = PBXGroup;
			children = (
				D7323B6CB1A4EAB8ECFD17F6 /* Pods_Kamino.framework */,
				4781FA7CE4BEDE0EAED26BF0 /* Pods_KaminoTests.framework */,
			);
			name = Frameworks;
			sourceTree = "<group>";
		};
/* End PBXGroup section */

/* Begin PBXNativeTarget section */
		419357342377F62400FC3D48 /* Kamino */ = {
			isa = PBXNativeTarget;
			buildConfigurationList = 419357542377F62600FC3D48 /* Build configuration list for PBXNativeTarget "Kamino" */;
			buildPhases = (
				58835D7A18CFAF4F8B5FAE29 /* [CP] Check Pods Manifest.lock */,
				419357B0237815F300FC3D48 /* ShellScript */,
				419357312377F62400FC3D48 /* Sources */,
				419357322377F62400FC3D48 /* Frameworks */,
				419357332377F62400FC3D48 /* Resources */,
				C470091621D6FED0E6F67F82 /* [CP] Embed Pods Frameworks */,
				419357D623789C5200FC3D48 /* ShellScript */,
			);
			buildRules = (
			);
			dependencies = (
			);
			name = Kamino;
			productName = Kamino;
			productReference = 419357352377F62400FC3D48 /* Kamino.app */;
			productType = "com.apple.product-type.application";
		};
		4193574A2377F62600FC3D48 /* KaminoTests */ = {
			isa = PBXNativeTarget;
			buildConfigurationList = 419357572377F62600FC3D48 /* Build configuration list for PBXNativeTarget "KaminoTests" */;
			buildPhases = (
				C39639AFA2D14B64FE6F4A8F /* [CP] Check Pods Manifest.lock */,
				419357472377F62600FC3D48 /* Sources */,
				419357482377F62600FC3D48 /* Frameworks */,
				419357492377F62600FC3D48 /* Resources */,
				30B42C546BDECE3F277B270A /* [CP] Embed Pods Frameworks */,
			);
			buildRules = (
			);
			dependencies = (
				4193574D2377F62600FC3D48 /* PBXTargetDependency */,
			);
			name = KaminoTests;
			productName = KaminoTests;
			productReference = 4193574B2377F62600FC3D48 /* KaminoTests.xctest */;
			productType = "com.apple.product-type.bundle.unit-test";
		};
/* End PBXNativeTarget section */

/* Begin PBXProject section */
		4193572D2377F62400FC3D48 /* Project object */ = {
			isa = PBXProject;
			attributes = {
				LastSwiftUpdateCheck = 1120;
				LastUpgradeCheck = 1120;
				ORGANIZATIONNAME = "Sandi Mihelic";
				TargetAttributes = {
					419357342377F62400FC3D48 = {
						CreatedOnToolsVersion = 11.2;
					};
					4193574A2377F62600FC3D48 = {
						CreatedOnToolsVersion = 11.2;
						TestTargetID = 419357342377F62400FC3D48;
					};
				};
			};
			buildConfigurationList = 419357302377F62400FC3D48 /* Build configuration list for PBXProject "Kamino" */;
			compatibilityVersion = "Xcode 9.3";
			developmentRegion = en;
			hasScannedForEncodings = 0;
			knownRegions = (
				en,
			);
			mainGroup = 4193572C2377F62400FC3D48;
			productRefGroup = 419357362377F62400FC3D48 /* Products */;
			projectDirPath = "";
			projectRoot = "";
			targets = (
				419357342377F62400FC3D48 /* Kamino */,
				4193574A2377F62600FC3D48 /* KaminoTests */,
			);
		};
/* End PBXProject section */

/* Begin PBXResourcesBuildPhase section */
		419357332377F62400FC3D48 /* Resources */ = {
			isa = PBXResourcesBuildPhase;
			buildActionMask = 2147483647;
			files = (
				419357452377F62500FC3D48 /* LaunchScreen.storyboard in Resources */,
				419357B42378169400FC3D48 /* Colors.xcassets in Resources */,
				419357AF2378111500FC3D48 /* Localizable.strings in Resources */,
				419357422377F62500FC3D48 /* Assets.xcassets in Resources */,
			);
			runOnlyForDeploymentPostprocessing = 0;
		};
		419357492377F62600FC3D48 /* Resources */ = {
			isa = PBXResourcesBuildPhase;
			buildActionMask = 2147483647;
			files = (
				4193577E2377FF3200FC3D48 /* like.json in Resources */,
				4193577F2377FF3200FC3D48 /* resident.json in Resources */,
				419357802377FF3200FC3D48 /* planet.json in Resources */,
			);
			runOnlyForDeploymentPostprocessing = 0;
		};
/* End PBXResourcesBuildPhase section */

/* Begin PBXShellScriptBuildPhase section */
		30B42C546BDECE3F277B270A /* [CP] Embed Pods Frameworks */ = {
			isa = PBXShellScriptBuildPhase;
			buildActionMask = 2147483647;
			files = (
			);
			inputFileListPaths = (
				"${PODS_ROOT}/Target Support Files/Pods-KaminoTests/Pods-KaminoTests-frameworks-${CONFIGURATION}-input-files.xcfilelist",
			);
			name = "[CP] Embed Pods Frameworks";
			outputFileListPaths = (
				"${PODS_ROOT}/Target Support Files/Pods-KaminoTests/Pods-KaminoTests-frameworks-${CONFIGURATION}-output-files.xcfilelist",
			);
			runOnlyForDeploymentPostprocessing = 0;
			shellPath = /bin/sh;
			shellScript = "\"${PODS_ROOT}/Target Support Files/Pods-KaminoTests/Pods-KaminoTests-frameworks.sh\"\n";
			showEnvVarsInLog = 0;
		};
		419357B0237815F300FC3D48 /* ShellScript */ = {
			isa = PBXShellScriptBuildPhase;
			buildActionMask = 2147483647;
			files = (
			);
			inputFileListPaths = (
			);
			inputPaths = (
				"$TEMP_DIR/rswift-lastrun",
			);
			outputFileListPaths = (
			);
			outputPaths = (
				$SRCROOT/R.generated.swift,
			);
			runOnlyForDeploymentPostprocessing = 0;
			shellPath = /bin/sh;
			shellScript = "\"$PODS_ROOT/R.swift/rswift\" generate \"$SRCROOT/R.generated.swift\"\n";
		};
		419357D623789C5200FC3D48 /* ShellScript */ = {
			isa = PBXShellScriptBuildPhase;
			buildActionMask = 2147483647;
			files = (
			);
			inputFileListPaths = (
			);
			inputPaths = (
			);
			outputFileListPaths = (
			);
			outputPaths = (
			);
			runOnlyForDeploymentPostprocessing = 0;
			shellPath = /bin/sh;
			shellScript = "${PODS_ROOT}/SwiftLint/swiftlint\n";
		};
		58835D7A18CFAF4F8B5FAE29 /* [CP] Check Pods Manifest.lock */ = {
			isa = PBXShellScriptBuildPhase;
			buildActionMask = 2147483647;
			files = (
			);
			inputFileListPaths = (
			);
			inputPaths = (
				"${PODS_PODFILE_DIR_PATH}/Podfile.lock",
				"${PODS_ROOT}/Manifest.lock",
			);
			name = "[CP] Check Pods Manifest.lock";
			outputFileListPaths = (
			);
			outputPaths = (
				"$(DERIVED_FILE_DIR)/Pods-Kamino-checkManifestLockResult.txt",
			);
			runOnlyForDeploymentPostprocessing = 0;
			shellPath = /bin/sh;
			shellScript = "diff \"${PODS_PODFILE_DIR_PATH}/Podfile.lock\" \"${PODS_ROOT}/Manifest.lock\" > /dev/null\nif [ $? != 0 ] ; then\n    # print error to STDERR\n    echo \"error: The sandbox is not in sync with the Podfile.lock. Run 'pod install' or update your CocoaPods installation.\" >&2\n    exit 1\nfi\n# This output is used by Xcode 'outputs' to avoid re-running this script phase.\necho \"SUCCESS\" > \"${SCRIPT_OUTPUT_FILE_0}\"\n";
			showEnvVarsInLog = 0;
		};
		C39639AFA2D14B64FE6F4A8F /* [CP] Check Pods Manifest.lock */ = {
			isa = PBXShellScriptBuildPhase;
			buildActionMask = 2147483647;
			files = (
			);
			inputFileListPaths = (
			);
			inputPaths = (
				"${PODS_PODFILE_DIR_PATH}/Podfile.lock",
				"${PODS_ROOT}/Manifest.lock",
			);
			name = "[CP] Check Pods Manifest.lock";
			outputFileListPaths = (
			);
			outputPaths = (
				"$(DERIVED_FILE_DIR)/Pods-KaminoTests-checkManifestLockResult.txt",
			);
			runOnlyForDeploymentPostprocessing = 0;
			shellPath = /bin/sh;
			shellScript = "diff \"${PODS_PODFILE_DIR_PATH}/Podfile.lock\" \"${PODS_ROOT}/Manifest.lock\" > /dev/null\nif [ $? != 0 ] ; then\n    # print error to STDERR\n    echo \"error: The sandbox is not in sync with the Podfile.lock. Run 'pod install' or update your CocoaPods installation.\" >&2\n    exit 1\nfi\n# This output is used by Xcode 'outputs' to avoid re-running this script phase.\necho \"SUCCESS\" > \"${SCRIPT_OUTPUT_FILE_0}\"\n";
			showEnvVarsInLog = 0;
		};
		C470091621D6FED0E6F67F82 /* [CP] Embed Pods Frameworks */ = {
			isa = PBXShellScriptBuildPhase;
			buildActionMask = 2147483647;
			files = (
			);
			inputFileListPaths = (
				"${PODS_ROOT}/Target Support Files/Pods-Kamino/Pods-Kamino-frameworks-${CONFIGURATION}-input-files.xcfilelist",
			);
			name = "[CP] Embed Pods Frameworks";
			outputFileListPaths = (
				"${PODS_ROOT}/Target Support Files/Pods-Kamino/Pods-Kamino-frameworks-${CONFIGURATION}-output-files.xcfilelist",
			);
			runOnlyForDeploymentPostprocessing = 0;
			shellPath = /bin/sh;
			shellScript = "\"${PODS_ROOT}/Target Support Files/Pods-Kamino/Pods-Kamino-frameworks.sh\"\n";
			showEnvVarsInLog = 0;
		};
/* End PBXShellScriptBuildPhase section */

/* Begin PBXSourcesBuildPhase section */
		419357312377F62400FC3D48 /* Sources */ = {
			isa = PBXSourcesBuildPhase;
			buildActionMask = 2147483647;
			files = (
				4193576E2377FC8400FC3D48 /* ViewController.swift in Sources */,
				4193578F237801B300FC3D48 /* HomeVM.swift in Sources */,
				41935795237804F500FC3D48 /* HeaderView.swift in Sources */,
				419357D123788C7E00FC3D48 /* Navigator.swift in Sources */,
				419357792377FD6B00FC3D48 /* Like.swift in Sources */,
				419357B82378249E00FC3D48 /* ResidentsVC.swift in Sources */,
				419357C32378412F00FC3D48 /* ResidentVM.swift in Sources */,
				419357CA2378505300FC3D48 /* ErrorView.swift in Sources */,
				419357392377F62500FC3D48 /* AppDelegate.swift in Sources */,
				41935793237804D100FC3D48 /* InfoCell.swift in Sources */,
				419357BA2378253500FC3D48 /* ResidentsVM.swift in Sources */,
				419357D323788C8C00FC3D48 /* Managers.swift in Sources */,
				419357772377FD5F00FC3D48 /* Resident.swift in Sources */,
				419357A123780B8000FC3D48 /* String+Extra.swift in Sources */,
				4193578D2378012B00FC3D48 /* NSLayoutConstraint+Extra.swift in Sources */,
				419357C12378412700FC3D48 /* ResidentVC.swift in Sources */,
				419357752377FD5800FC3D48 /* Planet.swift in Sources */,
				419357B22378167500FC3D48 /* R.generated.swift in Sources */,
				419357C8237847FC00FC3D48 /* ImageViewVC.swift in Sources */,
				419357CC2378584200FC3D48 /* LoadingView.swift in Sources */,
				419357BC2378279C00FC3D48 /* ResidentsRepository.swift in Sources */,
				419357CE23787BD200FC3D48 /* CollectionViewController.swift in Sources */,
				419357972378077C00FC3D48 /* InteractiveCell.swift in Sources */,
				419357702377FC8C00FC3D48 /* ViewModel.swift in Sources */,
				4193575D2377F8FA00FC3D48 /* HomeVC.swift in Sources */,
				4139E3332378AAF6006C9419 /* UICollectionViewCell+Extra.swift in Sources */,
				419357D523789A5E00FC3D48 /* Request.swift in Sources */,
				41935791237801D700FC3D48 /* HomeRepository.swift in Sources */,
				419357BE237838DC00FC3D48 /* ResidentCell.swift in Sources */,
			);
			runOnlyForDeploymentPostprocessing = 0;
		};
		419357472377F62600FC3D48 /* Sources */ = {
			isa = PBXSourcesBuildPhase;
			buildActionMask = 2147483647;
			files = (
				419357832377FF7B00FC3D48 /* MockLoader.swift in Sources */,
				419357862377FFDB00FC3D48 /* PlanetMappingTest.swift in Sources */,
				4139E33F237B3FD7006C9419 /* ResidentsVMTest.swift in Sources */,
				4139E336237B2C07006C9419 /* MockHomeRepo.swift in Sources */,
				4193578A2377FFF400FC3D48 /* LikeMappingTest.swift in Sources */,
				4139E338237B2C13006C9419 /* MockResidentsRepo.swift in Sources */,
				4139E341237B433A006C9419 /* ResidentVMTest.swift in Sources */,
				419357882377FFEB00FC3D48 /* ResidentMappingTest.swift in Sources */,
				419357502377F62600FC3D48 /* KaminoTests.swift in Sources */,
				4139E33D237B2F1A006C9419 /* HomeVMTest.swift in Sources */,
			);
			runOnlyForDeploymentPostprocessing = 0;
		};
/* End PBXSourcesBuildPhase section */

/* Begin PBXTargetDependency section */
		4193574D2377F62600FC3D48 /* PBXTargetDependency */ = {
			isa = PBXTargetDependency;
			target = 419357342377F62400FC3D48 /* Kamino */;
			targetProxy = 4193574C2377F62600FC3D48 /* PBXContainerItemProxy */;
		};
/* End PBXTargetDependency section */

/* Begin PBXVariantGroup section */
		419357432377F62500FC3D48 /* LaunchScreen.storyboard */ = {
			isa = PBXVariantGroup;
			children = (
				419357A82378106900FC3D48 /* en */,
			);
			name = LaunchScreen.storyboard;
			sourceTree = "<group>";
		};
/* End PBXVariantGroup section */

/* Begin XCBuildConfiguration section */
		419357522377F62600FC3D48 /* Debug */ = {
			isa = XCBuildConfiguration;
			buildSettings = {
				ALWAYS_SEARCH_USER_PATHS = NO;
				CLANG_ANALYZER_NONNULL = YES;
				CLANG_ANALYZER_NUMBER_OBJECT_CONVERSION = YES_AGGRESSIVE;
				CLANG_CXX_LANGUAGE_STANDARD = "gnu++14";
				CLANG_CXX_LIBRARY = "libc++";
				CLANG_ENABLE_MODULES = YES;
				CLANG_ENABLE_OBJC_ARC = YES;
				CLANG_ENABLE_OBJC_WEAK = YES;
				CLANG_WARN_BLOCK_CAPTURE_AUTORELEASING = YES;
				CLANG_WARN_BOOL_CONVERSION = YES;
				CLANG_WARN_COMMA = YES;
				CLANG_WARN_CONSTANT_CONVERSION = YES;
				CLANG_WARN_DEPRECATED_OBJC_IMPLEMENTATIONS = YES;
				CLANG_WARN_DIRECT_OBJC_ISA_USAGE = YES_ERROR;
				CLANG_WARN_DOCUMENTATION_COMMENTS = YES;
				CLANG_WARN_EMPTY_BODY = YES;
				CLANG_WARN_ENUM_CONVERSION = YES;
				CLANG_WARN_INFINITE_RECURSION = YES;
				CLANG_WARN_INT_CONVERSION = YES;
				CLANG_WARN_NON_LITERAL_NULL_CONVERSION = YES;
				CLANG_WARN_OBJC_IMPLICIT_RETAIN_SELF = YES;
				CLANG_WARN_OBJC_LITERAL_CONVERSION = YES;
				CLANG_WARN_OBJC_ROOT_CLASS = YES_ERROR;
				CLANG_WARN_RANGE_LOOP_ANALYSIS = YES;
				CLANG_WARN_STRICT_PROTOTYPES = YES;
				CLANG_WARN_SUSPICIOUS_MOVE = YES;
				CLANG_WARN_UNGUARDED_AVAILABILITY = YES_AGGRESSIVE;
				CLANG_WARN_UNREACHABLE_CODE = YES;
				CLANG_WARN__DUPLICATE_METHOD_MATCH = YES;
				COPY_PHASE_STRIP = NO;
				DEBUG_INFORMATION_FORMAT = dwarf;
				ENABLE_STRICT_OBJC_MSGSEND = YES;
				ENABLE_TESTABILITY = YES;
				GCC_C_LANGUAGE_STANDARD = gnu11;
				GCC_DYNAMIC_NO_PIC = NO;
				GCC_NO_COMMON_BLOCKS = YES;
				GCC_OPTIMIZATION_LEVEL = 0;
				GCC_PREPROCESSOR_DEFINITIONS = (
					"DEBUG=1",
					"$(inherited)",
				);
				GCC_WARN_64_TO_32_BIT_CONVERSION = YES;
				GCC_WARN_ABOUT_RETURN_TYPE = YES_ERROR;
				GCC_WARN_UNDECLARED_SELECTOR = YES;
				GCC_WARN_UNINITIALIZED_AUTOS = YES_AGGRESSIVE;
				GCC_WARN_UNUSED_FUNCTION = YES;
				GCC_WARN_UNUSED_VARIABLE = YES;
				IPHONEOS_DEPLOYMENT_TARGET = 11.0;
				MTL_ENABLE_DEBUG_INFO = INCLUDE_SOURCE;
				MTL_FAST_MATH = YES;
				ONLY_ACTIVE_ARCH = YES;
				SDKROOT = iphoneos;
				SWIFT_ACTIVE_COMPILATION_CONDITIONS = DEBUG;
				SWIFT_OPTIMIZATION_LEVEL = "-Onone";
			};
			name = Debug;
		};
		419357532377F62600FC3D48 /* Release */ = {
			isa = XCBuildConfiguration;
			buildSettings = {
				ALWAYS_SEARCH_USER_PATHS = NO;
				CLANG_ANALYZER_NONNULL = YES;
				CLANG_ANALYZER_NUMBER_OBJECT_CONVERSION = YES_AGGRESSIVE;
				CLANG_CXX_LANGUAGE_STANDARD = "gnu++14";
				CLANG_CXX_LIBRARY = "libc++";
				CLANG_ENABLE_MODULES = YES;
				CLANG_ENABLE_OBJC_ARC = YES;
				CLANG_ENABLE_OBJC_WEAK = YES;
				CLANG_WARN_BLOCK_CAPTURE_AUTORELEASING = YES;
				CLANG_WARN_BOOL_CONVERSION = YES;
				CLANG_WARN_COMMA = YES;
				CLANG_WARN_CONSTANT_CONVERSION = YES;
				CLANG_WARN_DEPRECATED_OBJC_IMPLEMENTATIONS = YES;
				CLANG_WARN_DIRECT_OBJC_ISA_USAGE = YES_ERROR;
				CLANG_WARN_DOCUMENTATION_COMMENTS = YES;
				CLANG_WARN_EMPTY_BODY = YES;
				CLANG_WARN_ENUM_CONVERSION = YES;
				CLANG_WARN_INFINITE_RECURSION = YES;
				CLANG_WARN_INT_CONVERSION = YES;
				CLANG_WARN_NON_LITERAL_NULL_CONVERSION = YES;
				CLANG_WARN_OBJC_IMPLICIT_RETAIN_SELF = YES;
				CLANG_WARN_OBJC_LITERAL_CONVERSION = YES;
				CLANG_WARN_OBJC_ROOT_CLASS = YES_ERROR;
				CLANG_WARN_RANGE_LOOP_ANALYSIS = YES;
				CLANG_WARN_STRICT_PROTOTYPES = YES;
				CLANG_WARN_SUSPICIOUS_MOVE = YES;
				CLANG_WARN_UNGUARDED_AVAILABILITY = YES_AGGRESSIVE;
				CLANG_WARN_UNREACHABLE_CODE = YES;
				CLANG_WARN__DUPLICATE_METHOD_MATCH = YES;
				COPY_PHASE_STRIP = NO;
				DEBUG_INFORMATION_FORMAT = "dwarf-with-dsym";
				ENABLE_NS_ASSERTIONS = NO;
				ENABLE_STRICT_OBJC_MSGSEND = YES;
				GCC_C_LANGUAGE_STANDARD = gnu11;
				GCC_NO_COMMON_BLOCKS = YES;
				GCC_WARN_64_TO_32_BIT_CONVERSION = YES;
				GCC_WARN_ABOUT_RETURN_TYPE = YES_ERROR;
				GCC_WARN_UNDECLARED_SELECTOR = YES;
				GCC_WARN_UNINITIALIZED_AUTOS = YES_AGGRESSIVE;
				GCC_WARN_UNUSED_FUNCTION = YES;
				GCC_WARN_UNUSED_VARIABLE = YES;
				IPHONEOS_DEPLOYMENT_TARGET = 11.0;
				MTL_ENABLE_DEBUG_INFO = NO;
				MTL_FAST_MATH = YES;
				SDKROOT = iphoneos;
				SWIFT_COMPILATION_MODE = wholemodule;
				SWIFT_OPTIMIZATION_LEVEL = "-O";
				VALIDATE_PRODUCT = YES;
			};
			name = Release;
		};
		419357552377F62600FC3D48 /* Debug */ = {
			isa = XCBuildConfiguration;
			baseConfigurationReference = 0DB215EC6AF0007EFEF6F650 /* Pods-Kamino.debug.xcconfig */;
			buildSettings = {
				ASSETCATALOG_COMPILER_APPICON_NAME = AppIcon;
				CODE_SIGN_STYLE = Automatic;
				DEVELOPMENT_TEAM = 2M8QA5V5LM;
				INFOPLIST_FILE = Kamino/Application/Info.plist;
				LD_RUNPATH_SEARCH_PATHS = (
					"$(inherited)",
					"@executable_path/Frameworks",
				);
				PRODUCT_BUNDLE_IDENTIFIER = kamino.app.com.Kamino;
				PRODUCT_NAME = "$(TARGET_NAME)";
				SWIFT_VERSION = 5.0;
				TARGETED_DEVICE_FAMILY = "1,2";
			};
			name = Debug;
		};
		419357562377F62600FC3D48 /* Release */ = {
			isa = XCBuildConfiguration;
			baseConfigurationReference = 215497C1B64C920E7369D799 /* Pods-Kamino.release.xcconfig */;
			buildSettings = {
				ASSETCATALOG_COMPILER_APPICON_NAME = AppIcon;
				CODE_SIGN_STYLE = Automatic;
				DEVELOPMENT_TEAM = 2M8QA5V5LM;
				INFOPLIST_FILE = Kamino/Application/Info.plist;
				LD_RUNPATH_SEARCH_PATHS = (
					"$(inherited)",
					"@executable_path/Frameworks",
				);
				PRODUCT_BUNDLE_IDENTIFIER = kamino.app.com.Kamino;
				PRODUCT_NAME = "$(TARGET_NAME)";
				SWIFT_VERSION = 5.0;
				TARGETED_DEVICE_FAMILY = "1,2";
			};
			name = Release;
		};
		419357582377F62600FC3D48 /* Debug */ = {
			isa = XCBuildConfiguration;
			baseConfigurationReference = E91C4950388BF6760EEB7922 /* Pods-KaminoTests.debug.xcconfig */;
			buildSettings = {
				ALWAYS_EMBED_SWIFT_STANDARD_LIBRARIES = YES;
				BUNDLE_LOADER = "$(TEST_HOST)";
				CODE_SIGN_STYLE = Automatic;
				DEVELOPMENT_TEAM = 2M8QA5V5LM;
				INFOPLIST_FILE = KaminoTests/Info.plist;
				IPHONEOS_DEPLOYMENT_TARGET = 13.2;
				LD_RUNPATH_SEARCH_PATHS = (
					"$(inherited)",
					"@executable_path/Frameworks",
					"@loader_path/Frameworks",
				);
				PRODUCT_BUNDLE_IDENTIFIER = kamino.app.com.KaminoTests;
				PRODUCT_NAME = "$(TARGET_NAME)";
				SWIFT_VERSION = 5.0;
				TARGETED_DEVICE_FAMILY = "1,2";
				TEST_HOST = "$(BUILT_PRODUCTS_DIR)/Kamino.app/Kamino";
			};
			name = Debug;
		};
		419357592377F62600FC3D48 /* Release */ = {
			isa = XCBuildConfiguration;
			baseConfigurationReference = C31B18E12B1037E020F44D66 /* Pods-KaminoTests.release.xcconfig */;
			buildSettings = {
				ALWAYS_EMBED_SWIFT_STANDARD_LIBRARIES = YES;
				BUNDLE_LOADER = "$(TEST_HOST)";
				CODE_SIGN_STYLE = Automatic;
				DEVELOPMENT_TEAM = 2M8QA5V5LM;
				INFOPLIST_FILE = KaminoTests/Info.plist;
				IPHONEOS_DEPLOYMENT_TARGET = 13.2;
				LD_RUNPATH_SEARCH_PATHS = (
					"$(inherited)",
					"@executable_path/Frameworks",
					"@loader_path/Frameworks",
				);
				PRODUCT_BUNDLE_IDENTIFIER = kamino.app.com.KaminoTests;
				PRODUCT_NAME = "$(TARGET_NAME)";
				SWIFT_VERSION = 5.0;
				TARGETED_DEVICE_FAMILY = "1,2";
				TEST_HOST = "$(BUILT_PRODUCTS_DIR)/Kamino.app/Kamino";
			};
			name = Release;
		};
/* End XCBuildConfiguration section */

/* Begin XCConfigurationList section */
		419357302377F62400FC3D48 /* Build configuration list for PBXProject "Kamino" */ = {
			isa = XCConfigurationList;
			buildConfigurations = (
				419357522377F62600FC3D48 /* Debug */,
				419357532377F62600FC3D48 /* Release */,
			);
			defaultConfigurationIsVisible = 0;
			defaultConfigurationName = Release;
		};
		419357542377F62600FC3D48 /* Build configuration list for PBXNativeTarget "Kamino" */ = {
			isa = XCConfigurationList;
			buildConfigurations = (
				419357552377F62600FC3D48 /* Debug */,
				419357562377F62600FC3D48 /* Release */,
			);
			defaultConfigurationIsVisible = 0;
			defaultConfigurationName = Release;
		};
		419357572377F62600FC3D48 /* Build configuration list for PBXNativeTarget "KaminoTests" */ = {
			isa = XCConfigurationList;
			buildConfigurations = (
				419357582377F62600FC3D48 /* Debug */,
				419357592377F62600FC3D48 /* Release */,
			);
			defaultConfigurationIsVisible = 0;
			defaultConfigurationName = Release;
		};
/* End XCConfigurationList section */
	};
	rootObject = 4193572D2377F62400FC3D48 /* Project object */;
}
